
Microsoft Visual Studio Solution File, Format Version 12.00
# Visual Studio Version 16
VisualStudioVersion = 16.0.32929.386
MinimumVisualStudioVersion = 10.0.40219.1
Project("{FAE04EC0-301F-11D3-BF4B-00C04F79EFBC}") = "Yeni_tapsiriq", "Yeni_tapsiriq\Yeni_tapsiriq.csproj", "{5B250AE4-4A08-448C-8EAC-DE9ACF05EB90}"
EndProject
Global
	GlobalSection(SolutionConfigurationPlatforms) = preSolution
		Debug|Any CPU = Debug|Any CPU
		Release|Any CPU = Release|Any CPU
	EndGlobalSection
	GlobalSection(ProjectConfigurationPlatforms) = postSolution
		{5B250AE4-4A08-448C-8EAC-DE9ACF05EB90}.Debug|Any CPU.ActiveCfg = Debug|Any CPU
		{5B250AE4-4A08-448C-8EAC-DE9ACF05EB90}.Debug|Any CPU.Build.0 = Debug|Any CPU
		{5B250AE4-4A08-448C-8EAC-DE9ACF05EB90}.Release|Any CPU.ActiveCfg = Release|Any CPU
		{5B250AE4-4A08-448C-8EAC-DE9ACF05EB90}.Release|Any CPU.Build.0 = Release|Any CPU
	EndGlobalSection
	GlobalSection(SolutionProperties) = preSolution
		HideSolutionNode = FALSE
	EndGlobalSection
	GlobalSection(ExtensibilityGlobals) = postSolution
		SolutionGuid = {74311146-4FBD-4C38-A2DA-89D9CE858AC5}
	EndGlobalSection
EndGlobal
